github.com/kepeder/go-amqp-reconnect/rabbitmq v0.0.0-20240808074713-989b9c8b04c5 h1:VMQSGq2c/YGyKlL5jarT7RRxV0vHhInHL7Mb1XNyAc0=
github.com/kepeder/go-amqp-reconnect/rabbitmq v0.0.0-20240808074713-989b9c8b04c5/go.mod h1:gb+q8LqBda6TCekeLa1Uz8aIvOTCOgYKd7mkhsR9UYk=
github.com/rabbitmq/amqp091-go v1.10.0 h1:STpn5XsHlHGcecLmMFCtg7mqq0RnD+zFr4uzukfVhBw=
github.com/rabbitmq/amqp091-go v1.10.0/go.mod h1:Hy4jKW5kQART1u+JkDTF9YYOQUHXqMuhrgxOEeS7G4o=
